// !$*UTF8*$!
{
	archiveVersion = 1;
	classes = {
	};
	objectVersion = 77;
	objects = {

/* Begin PBXBuildFile section */
		20C2A5368BEFBBC4F41A064B /* telnyx-webrtc-ios in Frameworks */ = {isa = PBXBuildFile; productRef = 4D9F102B2F94000100A1F1A1 /* telnyx-webrtc-ios */; };
		B8A100000000000000000002 /* SalespersonMainTabView.swift in Sources */ = {isa = PBXBuildFile; fileRef = B8A100000000000000000001 /* SalespersonMainTabView.swift */; };
		C8A100000000000000000002 /* WhiteWolfSales.icon in Resources */ = {isa = PBXBuildFile; fileRef = C8A100000000000000000001 /* WhiteWolfSales.icon */; };
		D10000000000000000000001 /* MapboxMaps in Frameworks */ = {isa = PBXBuildFile; productRef = 30A4A6152EA71CA500FA72B1 /* MapboxMaps */; };
		D10000000000000000000002 /* Lottie in Frameworks */ = {isa = PBXBuildFile; productRef = 30A4A6212EA71CC000FA72B1 /* Lottie */; };
		D10000000000000000000004 /* GoogleMaps in Frameworks */ = {isa = PBXBuildFile; productRef = 9A1B2C3D4E5F60718293A4B7 /* GoogleMaps */; };
		D10000000000000000000005 /* GRDB in Frameworks */ = {isa = PBXBuildFile; productRef = A1B2C3D4E5F60718293A4B5C /* GRDB */; };
		E2E484C557CD751C7D6DCE3E /* GoogleSignIn in Frameworks */ = {isa = PBXBuildFile; productRef = 30A4A6192EA71CB500FA72B1 /* GoogleSignIn */; };
		E40E734AA2B6D98D3958BECB /* Auth in Frameworks */ = {isa = PBXBuildFile; productRef = 30A4A5E12EA70F3500FA72B1 /* Auth */; };
		ECE4782B93CD6156B37DC437 /* Foundation.framework in Frameworks */ = {isa = PBXBuildFile; fileRef = 79E245EF5F24004170C35541 /* Foundation.framework */; };
		F6C8D7CE610BEEA5E9B07DDB /* Supabase in Frameworks */ = {isa = PBXBuildFile; productRef = 30A4A5EC2EA70F4800FA72B1 /* Supabase */; };
/* End PBXBuildFile section */

/* Begin PBXFileReference section */
		0AD261E306FAE62EF87A9A36 /* WolfGridSales.app */ = {isa = PBXFileReference; explicitFileType = wrapper.application; includeInIndex = 0; path = WolfGridSales.app; sourceTree = BUILT_PRODUCTS_DIR; };
		30A4A5D82EA7089C00FA72B1 /* Config.xcconfig */ = {isa = PBXFileReference; lastKnownFileType = text.xcconfig; path = Config.xcconfig; sourceTree = "<group>"; };
		79E245EF5F24004170C35541 /* Foundation.framework */ = {isa = PBXFileReference; lastKnownFileType = wrapper.framework; name = Foundation.framework; path = Platforms/iPhoneOS.platform/Developer/SDKs/iPhoneOS18.0.sdk/System/Library/Frameworks/Foundation.framework; sourceTree = DEVELOPER_DIR; };
		B8A100000000000000000001 /* SalespersonMainTabView.swift */ = {isa = PBXFileReference; lastKnownFileType = sourcecode.swift; path = SalespersonMainTabView.swift; sourceTree = SOURCE_ROOT; };
		C8A100000000000000000001 /* WhiteWolfSales.icon */ = {isa = PBXFileReference; lastKnownFileType = folder.iconcomposer.icon; path = WhiteWolfSales.icon; sourceTree = SOURCE_ROOT; };
		E1679E8381A2ED5D165B57D9 /* WolfGridSales.entitlements */ = {isa = PBXFileReference; includeInIndex = 1; lastKnownFileType = text.plist.entitlements; path = WolfGridSales.entitlements; sourceTree = "<group>"; };
		EA8FCBA9368E8DCE17DB6292 /* WolfGridSales-Info.plist */ = {isa = PBXFileReference; includeInIndex = 1; lastKnownFileType = text.plist.xml; path = "WolfGridSales-Info.plist"; sourceTree = "<group>"; };
/* End PBXFileReference section */

/* Begin PBXFileSystemSynchronizedRootGroup section */
		C9A100000000000000000001 /* WolfGridSalesApp */ = {
			isa = PBXFileSystemSynchronizedRootGroup;
			name = WolfGridSalesApp;
			path = App;
			sourceTree = "<group>";
		};
/* End PBXFileSystemSynchronizedRootGroup section */

/* Begin PBXFrameworksBuildPhase section */
		B33A39C45A5D6A33F2AEE79C /* Frameworks */ = {
			isa = PBXFrameworksBuildPhase;
			buildActionMask = 2147483647;
			files = (
				ECE4782B93CD6156B37DC437 /* Foundation.framework in Frameworks */,
				D10000000000000000000001 /* MapboxMaps in Frameworks */,
				D10000000000000000000002 /* Lottie in Frameworks */,
				D10000000000000000000004 /* GoogleMaps in Frameworks */,
				D10000000000000000000005 /* GRDB in Frameworks */,
				E40E734AA2B6D98D3958BECB /* Auth in Frameworks */,
				F6C8D7CE610BEEA5E9B07DDB /* Supabase in Frameworks */,
				E2E484C557CD751C7D6DCE3E /* GoogleSignIn in Frameworks */,
				20C2A5368BEFBBC4F41A064B /* telnyx-webrtc-ios in Frameworks */,
			);
			runOnlyForDeploymentPostprocessing = 0;
		};
/* End PBXFrameworksBuildPhase section */

/* Begin PBXGroup section */
		30A4A5752EA6CD9800FA72B1 = {
			isa = PBXGroup;
			children = (
				30A4A5D82EA7089C00FA72B1 /* Config.xcconfig */,
				30A4A5EB2EA70F4800FA72B1 /* Frameworks */,
				30A4A57F2EA6CD9800FA72B1 /* Products */,
				F0516957BB93BD02C534C91B /* WolfGridSales */,
				C9A100000000000000000001 /* WolfGridSalesApp */,
			);
			sourceTree = "<group>";
		};
		30A4A57F2EA6CD9800FA72B1 /* Products */ = {
			isa = PBXGroup;
			children = (
				0AD261E306FAE62EF87A9A36 /* WolfGridSales.app */,
			);
			name = Products;
			sourceTree = "<group>";
		};
		30A4A5EB2EA70F4800FA72B1 /* Frameworks */ = {
			isa = PBXGroup;
			children = (
				7F9EA72C5B7A27BB5EB1FB61 /* iOS */,
			);
			name = Frameworks;
			sourceTree = "<group>";
		};
		7F9EA72C5B7A27BB5EB1FB61 /* iOS */ = {
			isa = PBXGroup;
			children = (
				79E245EF5F24004170C35541 /* Foundation.framework */,
			);
			name = iOS;
			sourceTree = "<group>";
		};
		F0516957BB93BD02C534C91B /* WolfGridSales */ = {
			isa = PBXGroup;
			children = (
				C8A100000000000000000001 /* WhiteWolfSales.icon */,
				B8A100000000000000000001 /* SalespersonMainTabView.swift */,
				EA8FCBA9368E8DCE17DB6292 /* WolfGridSales-Info.plist */,
				E1679E8381A2ED5D165B57D9 /* WolfGridSales.entitlements */,
			);
			name = WolfGridSales;
			sourceTree = "<group>";
		};
/* End PBXGroup section */

/* Begin PBXNativeTarget section */
		624B0C90D44E88D1B294A1BF /* WolfGrid Sales */ = {
			isa = PBXNativeTarget;
			buildConfigurationList = A97E133A1BC041B37A5FB31F /* Build configuration list for PBXNativeTarget "WolfGrid Sales" */;
			buildPhases = (
				31BA3EEC37BA1B8562EC559F /* Sources */,
				B33A39C45A5D6A33F2AEE79C /* Frameworks */,
				EDDE1A36AD1636D9CF9FE5EE /* Resources */,
			);
			buildRules = (
			);
			dependencies = (
			);
			fileSystemSynchronizedGroups = (
				C9A100000000000000000001 /* WolfGridSalesApp */,
			);
			name = "WolfGrid Sales";
			packageProductDependencies = (
				30A4A5E12EA70F3500FA72B1 /* Auth */,
				30A4A5EC2EA70F4800FA72B1 /* Supabase */,
				30A4A6152EA71CA500FA72B1 /* MapboxMaps */,
				30A4A6192EA71CB500FA72B1 /* GoogleSignIn */,
				30A4A6212EA71CC000FA72B1 /* Lottie */,
				4D9F102B2F94000100A1F1A1 /* telnyx-webrtc-ios */,
				9A1B2C3D4E5F60718293A4B7 /* GoogleMaps */,
				A1B2C3D4E5F60718293A4B5C /* GRDB */,
			);
			productName = WolfGridSales;
			productReference = 0AD261E306FAE62EF87A9A36 /* WolfGridSales.app */;
			productType = "com.apple.product-type.application";
		};
/* End PBXNativeTarget section */

/* Begin PBXProject section */
		30A4A5762EA6CD9800FA72B1 /* Project object */ = {
			isa = PBXProject;
			attributes = {
				BuildIndependentTargetsInParallel = 1;
				LastSwiftUpdateCheck = 2600;
				LastUpgradeCheck = 2600;
				TargetAttributes = {
					624B0C90D44E88D1B294A1BF = {
						CreatedOnToolsVersion = 26.0.1;
					};
				};
			};
			buildConfigurationList = 30A4A5792EA6CD9800FA72B1 /* Build configuration list for PBXProject "WolfGridSales" */;
			developmentRegion = en;
			hasScannedForEncodings = 0;
			knownRegions = (
				en,
				Base,
			);
			mainGroup = 30A4A5752EA6CD9800FA72B1;
			minimizedProjectReferenceProxies = 1;
			packageReferences = (
				30A4A5E02EA70F3500FA72B1 /* XCRemoteSwiftPackageReference "supabase-swift" */,
				30A4A6142EA71CA500FA72B1 /* XCRemoteSwiftPackageReference "mapbox-maps-ios" */,
				30A4A6172EA71CB500FA72B1 /* XCRemoteSwiftPackageReference "GoogleSignIn-iOS" */,
				30A4A6202EA71CC000FA72B1 /* XCRemoteSwiftPackageReference "lottie-ios" */,
				4D9F102A2F94000100A1F1A1 /* XCRemoteSwiftPackageReference "telnyx-webrtc-ios" */,
				9A1B2C3D4E5F60718293A4B6 /* XCRemoteSwiftPackageReference "ios-maps-sdk" */,
				A1B2C3D4E5F60718293A4B5B /* XCRemoteSwiftPackageReference "GRDB.swift" */,
			);
			preferredProjectObjectVersion = 77;
			productRefGroup = 30A4A57F2EA6CD9800FA72B1 /* Products */;
			projectDirPath = "";
			projectRoot = "";
			targets = (
				624B0C90D44E88D1B294A1BF /* WolfGrid Sales */,
			);
		};
/* End PBXProject section */

/* Begin PBXResourcesBuildPhase section */
		EDDE1A36AD1636D9CF9FE5EE /* Resources */ = {
			isa = PBXResourcesBuildPhase;
			buildActionMask = 2147483647;
			files = (
				C8A100000000000000000002 /* WhiteWolfSales.icon in Resources */,
			);
			runOnlyForDeploymentPostprocessing = 0;
		};
/* End PBXResourcesBuildPhase section */

/* Begin PBXSourcesBuildPhase section */
		31BA3EEC37BA1B8562EC559F /* Sources */ = {
			isa = PBXSourcesBuildPhase;
			buildActionMask = 2147483647;
			files = (
				B8A100000000000000000002 /* SalespersonMainTabView.swift in Sources */,
			);
			runOnlyForDeploymentPostprocessing = 0;
		};
/* End PBXSourcesBuildPhase section */

/* Begin XCBuildConfiguration section */
		30A4A59D2EA6CD9900FA72B1 /* Debug */ = {
			isa = XCBuildConfiguration;
			baseConfigurationReference = 30A4A5D82EA7089C00FA72B1 /* Config.xcconfig */;
			buildSettings = {
				ALWAYS_SEARCH_USER_PATHS = NO;
				ASSETCATALOG_COMPILER_GENERATE_SWIFT_ASSET_SYMBOL_EXTENSIONS = YES;
				CLANG_ANALYZER_NONNULL = YES;
				CLANG_ANALYZER_NUMBER_OBJECT_CONVERSION = YES_AGGRESSIVE;
				CLANG_CXX_LANGUAGE_STANDARD = "gnu++20";
				CLANG_ENABLE_MODULES = YES;
				CLANG_ENABLE_OBJC_ARC = YES;
				CLANG_ENABLE_OBJC_WEAK = YES;
				CLANG_WARN_BLOCK_CAPTURE_AUTORELEASING = YES;
				CLANG_WARN_BOOL_CONVERSION = YES;
				CLANG_WARN_COMMA = YES;
				CLANG_WARN_CONSTANT_CONVERSION = YES;
				CLANG_WARN_DEPRECATED_OBJC_IMPLEMENTATIONS = YES;
				CLANG_WARN_DIRECT_OBJC_ISA_USAGE = YES_ERROR;
				CLANG_WARN_DOCUMENTATION_COMMENTS = YES;
				CLANG_WARN_EMPTY_BODY = YES;
				CLANG_WARN_ENUM_CONVERSION = YES;
				CLANG_WARN_INFINITE_RECURSION = YES;
				CLANG_WARN_INT_CONVERSION = YES;
				CLANG_WARN_NON_LITERAL_NULL_CONVERSION = YES;
				CLANG_WARN_OBJC_IMPLICIT_RETAIN_SELF = YES;
				CLANG_WARN_OBJC_LITERAL_CONVERSION = YES;
				CLANG_WARN_OBJC_ROOT_CLASS = YES_ERROR;
				CLANG_WARN_QUOTED_INCLUDE_IN_FRAMEWORK_HEADER = YES;
				CLANG_WARN_RANGE_LOOP_ANALYSIS = YES;
				CLANG_WARN_STRICT_PROTOTYPES = YES;
				CLANG_WARN_SUSPICIOUS_MOVE = YES;
				CLANG_WARN_UNGUARDED_AVAILABILITY = YES_AGGRESSIVE;
				CLANG_WARN_UNREACHABLE_CODE = YES;
				CLANG_WARN__DUPLICATE_METHOD_MATCH = YES;
				COPY_PHASE_STRIP = NO;
				DEBUG_INFORMATION_FORMAT = dwarf;
				DEVELOPMENT_TEAM = 2AR5T8ZYAS;
				ENABLE_STRICT_OBJC_MSGSEND = YES;
				ENABLE_TESTABILITY = YES;
				ENABLE_USER_SCRIPT_SANDBOXING = YES;
				GCC_C_LANGUAGE_STANDARD = gnu17;
				GCC_DYNAMIC_NO_PIC = NO;
				GCC_NO_COMMON_BLOCKS = YES;
				GCC_OPTIMIZATION_LEVEL = 0;
				GCC_PREPROCESSOR_DEFINITIONS = (
					"DEBUG=1",
					"$(inherited)",
				);
				GCC_WARN_64_TO_32_BIT_CONVERSION = YES;
				GCC_WARN_ABOUT_RETURN_TYPE = YES_ERROR;
				GCC_WARN_UNDECLARED_SELECTOR = YES;
				GCC_WARN_UNINITIALIZED_AUTOS = YES_AGGRESSIVE;
				GCC_WARN_UNUSED_FUNCTION = YES;
				GCC_WARN_UNUSED_VARIABLE = YES;
				IPHONEOS_DEPLOYMENT_TARGET = 17.0;
				LOCALIZATION_PREFERS_STRING_CATALOGS = YES;
				MTL_ENABLE_DEBUG_INFO = INCLUDE_SOURCE;
				MTL_FAST_MATH = YES;
				ONLY_ACTIVE_ARCH = YES;
				SDKROOT = iphoneos;
				SWIFT_ACTIVE_COMPILATION_CONDITIONS = "DEBUG $(inherited)";
				SWIFT_OPTIMIZATION_LEVEL = "-Onone";
			};
			name = Debug;
		};
		30A4A59E2EA6CD9900FA72B1 /* Release */ = {
			isa = XCBuildConfiguration;
			baseConfigurationReference = 30A4A5D82EA7089C00FA72B1 /* Config.xcconfig */;
			buildSettings = {
				ALWAYS_SEARCH_USER_PATHS = NO;
				ASSETCATALOG_COMPILER_GENERATE_SWIFT_ASSET_SYMBOL_EXTENSIONS = YES;
				CLANG_ANALYZER_NONNULL = YES;
				CLANG_ANALYZER_NUMBER_OBJECT_CONVERSION = YES_AGGRESSIVE;
				CLANG_CXX_LANGUAGE_STANDARD = "gnu++20";
				CLANG_ENABLE_MODULES = YES;
				CLANG_ENABLE_OBJC_ARC = YES;
				CLANG_ENABLE_OBJC_WEAK = YES;
				CLANG_WARN_BLOCK_CAPTURE_AUTORELEASING = YES;
				CLANG_WARN_BOOL_CONVERSION = YES;
				CLANG_WARN_COMMA = YES;
				CLANG_WARN_CONSTANT_CONVERSION = YES;
				CLANG_WARN_DEPRECATED_OBJC_IMPLEMENTATIONS = YES;
				CLANG_WARN_DIRECT_OBJC_ISA_USAGE = YES_ERROR;
				CLANG_WARN_DOCUMENTATION_COMMENTS = YES;
				CLANG_WARN_EMPTY_BODY = YES;
				CLANG_WARN_ENUM_CONVERSION = YES;
				CLANG_WARN_INFINITE_RECURSION = YES;
				CLANG_WARN_INT_CONVERSION = YES;
				CLANG_WARN_NON_LITERAL_NULL_CONVERSION = YES;
				CLANG_WARN_OBJC_IMPLICIT_RETAIN_SELF = YES;
				CLANG_WARN_OBJC_LITERAL_CONVERSION = YES;
				CLANG_WARN_OBJC_ROOT_CLASS = YES_ERROR;
				CLANG_WARN_QUOTED_INCLUDE_IN_FRAMEWORK_HEADER = YES;
				CLANG_WARN_RANGE_LOOP_ANALYSIS = YES;
				CLANG_WARN_STRICT_PROTOTYPES = YES;
				CLANG_WARN_SUSPICIOUS_MOVE = YES;
				CLANG_WARN_UNGUARDED_AVAILABILITY = YES_AGGRESSIVE;
				CLANG_WARN_UNREACHABLE_CODE = YES;
				CLANG_WARN__DUPLICATE_METHOD_MATCH = YES;
				COPY_PHASE_STRIP = NO;
				DEBUG_INFORMATION_FORMAT = "dwarf-with-dsym";
				DEVELOPMENT_TEAM = 2AR5T8ZYAS;
				ENABLE_NS_ASSERTIONS = NO;
				ENABLE_STRICT_OBJC_MSGSEND = YES;
				ENABLE_USER_SCRIPT_SANDBOXING = YES;
				GCC_C_LANGUAGE_STANDARD = gnu17;
				GCC_NO_COMMON_BLOCKS = YES;
				GCC_WARN_64_TO_32_BIT_CONVERSION = YES;
				GCC_WARN_ABOUT_RETURN_TYPE = YES_ERROR;
				GCC_WARN_UNDECLARED_SELECTOR = YES;
				GCC_WARN_UNINITIALIZED_AUTOS = YES_AGGRESSIVE;
				GCC_WARN_UNUSED_FUNCTION = YES;
				GCC_WARN_UNUSED_VARIABLE = YES;
				IPHONEOS_DEPLOYMENT_TARGET = 17.0;
				LOCALIZATION_PREFERS_STRING_CATALOGS = YES;
				MTL_ENABLE_DEBUG_INFO = NO;
				MTL_FAST_MATH = YES;
				SDKROOT = iphoneos;
				SWIFT_COMPILATION_MODE = wholemodule;
				VALIDATE_PRODUCT = YES;
			};
			name = Release;
		};
		3BC4967DC059EFB5D025EB2D /* Release */ = {
			isa = XCBuildConfiguration;
			buildSettings = {
				APS_ENVIRONMENT = production;
				ASSETCATALOG_COMPILER_APPICON_NAME = WhiteWolfSales;
				ASSETCATALOG_COMPILER_GLOBAL_ACCENT_COLOR_NAME = AccentColor;
				CODE_SIGN_ENTITLEMENTS = WolfGridSales.entitlements;
				CODE_SIGN_STYLE = Automatic;
				CURRENT_PROJECT_VERSION = 15;
				DEVELOPMENT_TEAM = 2AR5T8ZYAS;
				ENABLE_PREVIEWS = YES;
				GENERATE_INFOPLIST_FILE = NO;
				INFOPLIST_FILE = "WolfGridSales-Info.plist";
				INFOPLIST_KEY_UIApplicationSceneManifest_Generation = YES;
				INFOPLIST_KEY_UIApplicationSupportsIndirectInputEvents = YES;
				INFOPLIST_KEY_UILaunchScreen_Generation = NO;
				INFOPLIST_KEY_UISupportedInterfaceOrientations_iPad = "UIInterfaceOrientationPortrait UIInterfaceOrientationPortraitUpsideDown UIInterfaceOrientationLandscapeLeft UIInterfaceOrientationLandscapeRight";
				INFOPLIST_KEY_UISupportedInterfaceOrientations_iPhone = "UIInterfaceOrientationPortrait UIInterfaceOrientationLandscapeLeft UIInterfaceOrientationLandscapeRight";
				LD_RUNPATH_SEARCH_PATHS = (
					"$(inherited)",
					"@executable_path/Frameworks",
				);
				MARKETING_VERSION = 1.0;
				PRODUCT_BUNDLE_IDENTIFIER = com.danielphillippe.wolfgrid.sales;
				PRODUCT_NAME = WolfGridSales;
				STRING_CATALOG_GENERATE_SYMBOLS = YES;
				SUPPORTED_PLATFORMS = "iphoneos iphonesimulator";
				SUPPORTS_MACCATALYST = NO;
				SUPPORTS_MAC_DESIGNED_FOR_IPHONE_IPAD = NO;
				SUPPORTS_XR_DESIGNED_FOR_IPHONE_IPAD = NO;
				SWIFT_ACTIVE_COMPILATION_CONDITIONS = "WOLFGRID_SALES $(inherited)";
				SWIFT_APPROACHABLE_CONCURRENCY = YES;
				SWIFT_DEFAULT_ACTOR_ISOLATION = nonisolated;
				SWIFT_EMIT_LOC_STRINGS = YES;
				SWIFT_UPCOMING_FEATURE_MEMBER_IMPORT_VISIBILITY = YES;
				SWIFT_VERSION = 5.0;
				TARGETED_DEVICE_FAMILY = 1;
			};
			name = Release;
		};
		83DAAAE04165CA6FA945ABE1 /* Debug */ = {
			isa = XCBuildConfiguration;
			buildSettings = {
				APS_ENVIRONMENT = development;
				ASSETCATALOG_COMPILER_APPICON_NAME = WhiteWolfSales;
				ASSETCATALOG_COMPILER_GLOBAL_ACCENT_COLOR_NAME = AccentColor;
				CODE_SIGN_ENTITLEMENTS = WolfGridSales.entitlements;
				CODE_SIGN_STYLE = Automatic;
				CURRENT_PROJECT_VERSION = 15;
				DEVELOPMENT_TEAM = 2AR5T8ZYAS;
				ENABLE_DEBUG_DYLIB = NO;
				ENABLE_PREVIEWS = YES;
				GENERATE_INFOPLIST_FILE = NO;
				INFOPLIST_FILE = "WolfGridSales-Info.plist";
				INFOPLIST_KEY_UIApplicationSceneManifest_Generation = YES;
				INFOPLIST_KEY_UIApplicationSupportsIndirectInputEvents = YES;
				INFOPLIST_KEY_UILaunchScreen_Generation = NO;
				INFOPLIST_KEY_UISupportedInterfaceOrientations_iPad = "UIInterfaceOrientationPortrait UIInterfaceOrientationPortraitUpsideDown UIInterfaceOrientationLandscapeLeft UIInterfaceOrientationLandscapeRight";
				INFOPLIST_KEY_UISupportedInterfaceOrientations_iPhone = "UIInterfaceOrientationPortrait UIInterfaceOrientationLandscapeLeft UIInterfaceOrientationLandscapeRight";
				LD_RUNPATH_SEARCH_PATHS = (
					"$(inherited)",
					"@executable_path/Frameworks",
				);
				MARKETING_VERSION = 1.0;
				PRODUCT_BUNDLE_IDENTIFIER = com.danielphillippe.wolfgrid.sales;
				PRODUCT_NAME = WolfGridSales;
				STRING_CATALOG_GENERATE_SYMBOLS = YES;
				SUPPORTED_PLATFORMS = "iphoneos iphonesimulator";
				SUPPORTS_MACCATALYST = NO;
				SUPPORTS_MAC_DESIGNED_FOR_IPHONE_IPAD = NO;
				SUPPORTS_XR_DESIGNED_FOR_IPHONE_IPAD = NO;
				SWIFT_ACTIVE_COMPILATION_CONDITIONS = "WOLFGRID_SALES $(inherited)";
				SWIFT_APPROACHABLE_CONCURRENCY = YES;
				SWIFT_DEFAULT_ACTOR_ISOLATION = nonisolated;
				SWIFT_EMIT_LOC_STRINGS = YES;
				SWIFT_UPCOMING_FEATURE_MEMBER_IMPORT_VISIBILITY = YES;
				SWIFT_VERSION = 5.0;
				TARGETED_DEVICE_FAMILY = 1;
			};
			name = Debug;
		};
/* End XCBuildConfiguration section */

/* Begin XCConfigurationList section */
		30A4A5792EA6CD9800FA72B1 /* Build configuration list for PBXProject "WolfGridSales" */ = {
			isa = XCConfigurationList;
			buildConfigurations = (
				30A4A59D2EA6CD9900FA72B1 /* Debug */,
				30A4A59E2EA6CD9900FA72B1 /* Release */,
			);
			defaultConfigurationIsVisible = 0;
			defaultConfigurationName = Release;
		};
		A97E133A1BC041B37A5FB31F /* Build configuration list for PBXNativeTarget "WolfGrid Sales" */ = {
			isa = XCConfigurationList;
			buildConfigurations = (
				3BC4967DC059EFB5D025EB2D /* Release */,
				83DAAAE04165CA6FA945ABE1 /* Debug */,
			);
			defaultConfigurationIsVisible = 0;
			defaultConfigurationName = Release;
		};
/* End XCConfigurationList section */

/* Begin XCRemoteSwiftPackageReference section */
		30A4A5E02EA70F3500FA72B1 /* XCRemoteSwiftPackageReference "supabase-swift" */ = {
			isa = XCRemoteSwiftPackageReference;
			repositoryURL = "https://github.com/supabase-community/supabase-swift.git";
			requirement = {
				kind = upToNextMajorVersion;
				minimumVersion = 2.5.1;
			};
		};
		30A4A6142EA71CA500FA72B1 /* XCRemoteSwiftPackageReference "mapbox-maps-ios" */ = {
			isa = XCRemoteSwiftPackageReference;
			repositoryURL = "https://github.com/mapbox/mapbox-maps-ios.git";
			requirement = {
				kind = upToNextMajorVersion;
				minimumVersion = 11.0.0;
			};
		};
		30A4A6172EA71CB500FA72B1 /* XCRemoteSwiftPackageReference "GoogleSignIn-iOS" */ = {
			isa = XCRemoteSwiftPackageReference;
			repositoryURL = "https://github.com/google/GoogleSignIn-iOS";
			requirement = {
				kind = upToNextMajorVersion;
				minimumVersion = 8.0.0;
			};
		};
		30A4A6202EA71CC000FA72B1 /* XCRemoteSwiftPackageReference "lottie-ios" */ = {
			isa = XCRemoteSwiftPackageReference;
			repositoryURL = "https://github.com/airbnb/lottie-ios";
			requirement = {
				kind = upToNextMajorVersion;
				minimumVersion = 4.0.0;
			};
		};
		4D9F102A2F94000100A1F1A1 /* XCRemoteSwiftPackageReference "telnyx-webrtc-ios" */ = {
			isa = XCRemoteSwiftPackageReference;
			repositoryURL = "https://github.com/team-telnyx/telnyx-webrtc-ios.git";
			requirement = {
				branch = main;
				kind = branch;
			};
		};
		9A1B2C3D4E5F60718293A4B6 /* XCRemoteSwiftPackageReference "ios-maps-sdk" */ = {
			isa = XCRemoteSwiftPackageReference;
			repositoryURL = "https://github.com/googlemaps/ios-maps-sdk";
			requirement = {
				kind = exactVersion;
				version = 10.12.0;
			};
		};
		A1B2C3D4E5F60718293A4B5B /* XCRemoteSwiftPackageReference "GRDB.swift" */ = {
			isa = XCRemoteSwiftPackageReference;
			repositoryURL = "https://github.com/groue/GRDB.swift.git";
			requirement = {
				kind = upToNextMajorVersion;
				minimumVersion = 7.0.0;
			};
		};
/* End XCRemoteSwiftPackageReference section */

/* Begin XCSwiftPackageProductDependency section */
		30A4A5E12EA70F3500FA72B1 /* Auth */ = {
			isa = XCSwiftPackageProductDependency;
			package = 30A4A5E02EA70F3500FA72B1 /* XCRemoteSwiftPackageReference "supabase-swift" */;
			productName = Auth;
		};
		30A4A5EC2EA70F4800FA72B1 /* Supabase */ = {
			isa = XCSwiftPackageProductDependency;
			package = 30A4A5E02EA70F3500FA72B1 /* XCRemoteSwiftPackageReference "supabase-swift" */;
			productName = Supabase;
		};
		30A4A6152EA71CA500FA72B1 /* MapboxMaps */ = {
			isa = XCSwiftPackageProductDependency;
			package = 30A4A6142EA71CA500FA72B1 /* XCRemoteSwiftPackageReference "mapbox-maps-ios" */;
			productName = MapboxMaps;
		};
		30A4A6192EA71CB500FA72B1 /* GoogleSignIn */ = {
			isa = XCSwiftPackageProductDependency;
			package = 30A4A6172EA71CB500FA72B1 /* XCRemoteSwiftPackageReference "GoogleSignIn-iOS" */;
			productName = GoogleSignIn;
		};
		30A4A6212EA71CC000FA72B1 /* Lottie */ = {
			isa = XCSwiftPackageProductDependency;
			package = 30A4A6202EA71CC000FA72B1 /* XCRemoteSwiftPackageReference "lottie-ios" */;
			productName = Lottie;
		};
		4D9F102B2F94000100A1F1A1 /* telnyx-webrtc-ios */ = {
			isa = XCSwiftPackageProductDependency;
			package = 4D9F102A2F94000100A1F1A1 /* XCRemoteSwiftPackageReference "telnyx-webrtc-ios" */;
			productName = "telnyx-webrtc-ios";
		};
		9A1B2C3D4E5F60718293A4B7 /* GoogleMaps */ = {
			isa = XCSwiftPackageProductDependency;
			package = 9A1B2C3D4E5F60718293A4B6 /* XCRemoteSwiftPackageReference "ios-maps-sdk" */;
			productName = GoogleMaps;
		};
		A1B2C3D4E5F60718293A4B5C /* GRDB */ = {
			isa = XCSwiftPackageProductDependency;
			package = A1B2C3D4E5F60718293A4B5B /* XCRemoteSwiftPackageReference "GRDB.swift" */;
			productName = GRDB;
		};
/* End XCSwiftPackageProductDependency section */
	};
	rootObject = 30A4A5762EA6CD9800FA72B1 /* Project object */;
}
